// !$*UTF8*$!
{
	archiveVersion = 1;
	classes = {
	};
	objectVersion = 56;
	objects = {

/* Begin PBXBuildFile section */
		0751D6022AE77CB1002449D2 /* TS_VisionApp.swift in Sources */ = {isa = PBXBuildFile; fileRef = 0751D6012AE77CB1002449D2 /* TS_VisionApp.swift */; };
		0751D6042AE77CB1002449D2 /* ContentView.swift in Sources */ = {isa = PBXBuildFile; fileRef = 0751D6032AE77CB1002449D2 /* ContentView.swift */; };
		0751D6062AE77CB2002449D2 /* Assets.xcassets in Resources */ = {isa = PBXBuildFile; fileRef = 0751D6052AE77CB2002449D2 /* Assets.xcassets */; };
		0751D6092AE77CB2002449D2 /* Preview Assets.xcassets in Resources */ = {isa = PBXBuildFile; fileRef = 0751D6082AE77CB2002449D2 /* Preview Assets.xcassets */; };
		0751D6132AE77CB2002449D2 /* TS_VisionTests.swift in Sources */ = {isa = PBXBuildFile; fileRef = 0751D6122AE77CB2002449D2 /* TS_VisionTests.swift */; };
		0751D61D2AE77CB2002449D2 /* TS_VisionUITests.swift in Sources */ = {isa = PBXBuildFile; fileRef = 0751D61C2AE77CB2002449D2 /* TS_VisionUITests.swift */; };
		0751D61F2AE77CB2002449D2 /* TS_VisionUITestsLaunchTests.swift in Sources */ = {isa = PBXBuildFile; fileRef = 0751D61E2AE77CB2002449D2 /* TS_VisionUITestsLaunchTests.swift */; };
		0751D62C2AE78443002449D2 /* PageTwo.swift in Sources */ = {isa = PBXBuildFile; fileRef = 0751D62B2AE78443002449D2 /* PageTwo.swift */; };
		075C797B2AEF96DC00D47AA6 /* WeatherComponent.swift in Sources */ = {isa = PBXBuildFile; fileRef = 075C797A2AEF96DC00D47AA6 /* WeatherComponent.swift */; };
		07A368132AF0E46D005B0B8D /* MainWeather.swift in Sources */ = {isa = PBXBuildFile; fileRef = 07A368122AF0E46D005B0B8D /* MainWeather.swift */; };
/* End PBXBuildFile section */

/* Begin PBXContainerItemProxy section */
		0751D60F2AE77CB2002449D2 /* PBXContainerItemProxy */ = {
			isa = PBXContainerItemProxy;
			containerPortal = 0751D5F62AE77CB1002449D2 /* Project object */;
			proxyType = 1;
			remoteGlobalIDString = 0751D5FD2AE77CB1002449D2;
			remoteInfo = "TS Vision";
		};
		0751D6192AE77CB2002449D2 /* PBXContainerItemProxy */ = {
			isa = PBXContainerItemProxy;
			containerPortal = 0751D5F62AE77CB1002449D2 /* Project object */;
			proxyType = 1;
			remoteGlobalIDString = 0751D5FD2AE77CB1002449D2;
			remoteInfo = "TS Vision";
		};
/* End PBXContainerItemProxy section */

/* Begin PBXFileReference section */
		0751D5FE2AE77CB1002449D2 /* TS Vision.app */ = {isa = PBXFileReference; explicitFileType = wrapper.application; includeInIndex = 0; path = "TS Vision.app"; sourceTree = BUILT_PRODUCTS_DIR; };
		0751D6012AE77CB1002449D2 /* TS_VisionApp.swift */ = {isa = PBXFileReference; lastKnownFileType = sourcecode.swift; path = TS_VisionApp.swift; sourceTree = "<group>"; };
		0751D6032AE77CB1002449D2 /* ContentView.swift */ = {isa = PBXFileReference; lastKnownFileType = sourcecode.swift; path = ContentView.swift; sourceTree = "<group>"; };
		0751D6052AE77CB2002449D2 /* Assets.xcassets */ = {isa = PBXFileReference; lastKnownFileType = folder.assetcatalog; path = Assets.xcassets; sourceTree = "<group>"; };
		0751D6082AE77CB2002449D2 /* Preview Assets.xcassets */ = {isa = PBXFileReference; lastKnownFileType = folder.assetcatalog; path = "Preview Assets.xcassets"; sourceTree = "<group>"; };
		0751D60E2AE77CB2002449D2 /* TS VisionTests.xctest */ = {isa = PBXFileReference; explicitFileType = wrapper.cfbundle; includeInIndex = 0; path = "TS VisionTests.xctest"; sourceTree = BUILT_PRODUCTS_DIR; };
		0751D6122AE77CB2002449D2 /* TS_VisionTests.swift */ = {isa = PBXFileReference; lastKnownFileType = sourcecode.swift; path = TS_VisionTests.swift; sourceTree = "<group>"; };
		0751D6182AE77CB2002449D2 /* TS VisionUITests.xctest */ = {isa = PBXFileReference; explicitFileType = wrapper.cfbundle; includeInIndex = 0; path = "TS VisionUITests.xctest"; sourceTree = BUILT_PRODUCTS_DIR; };
		0751D61C2AE77CB2002449D2 /* TS_VisionUITests.swift */ = {isa = PBXFileReference; lastKnownFileType = sourcecode.swift; path = TS_VisionUITests.swift; sourceTree = "<group>"; };
		0751D61E2AE77CB2002449D2 /* TS_VisionUITestsLaunchTests.swift */ = {isa = PBXFileReference; lastKnownFileType = sourcecode.swift; path = TS_VisionUITestsLaunchTests.swift; sourceTree = "<group>"; };
		0751D62B2AE78443002449D2 /* PageTwo.swift */ = {isa = PBXFileReference; lastKnownFileType = sourcecode.swift; path = PageTwo.swift; sourceTree = "<group>"; };
		075C797A2AEF96DC00D47AA6 /* WeatherComponent.swift */ = {isa = PBXFileReference; lastKnownFileType = sourcecode.swift; path = WeatherComponent.swift; sourceTree = "<group>"; };
		07A368122AF0E46D005B0B8D /* MainWeather.swift */ = {isa = PBXFileReference; lastKnownFileType = sourcecode.swift; path = MainWeather.swift; sourceTree = "<group>"; };
/* End PBXFileReference section */

/* Begin PBXFrameworksBuildPhase section */
		0751D5FB2AE77CB1002449D2 /* Frameworks */ = {
			isa = PBXFrameworksBuildPhase;
			buildActionMask = 2147483647;
			files = (
			);
			runOnlyForDeploymentPostprocessing = 0;
		};
		0751D60B2AE77CB2002449D2 /* Frameworks */ = {
			isa = PBXFrameworksBuildPhase;
			buildActionMask = 2147483647;
			files = (
			);
			runOnlyForDeploymentPostprocessing = 0;
		};
		0751D6152AE77CB2002449D2 /* Frameworks */ = {
			isa = PBXFrameworksBuildPhase;
			buildActionMask = 2147483647;
			files = (
			);
			runOnlyForDeploymentPostprocessing = 0;
		};
/* End PBXFrameworksBuildPhase section */

/* Begin PBXGroup section */
		0751D5F52AE77CB1002449D2 = {
			isa = PBXGroup;
			children = (
				0751D6002AE77CB1002449D2 /* TS Vision */,
				0751D6112AE77CB2002449D2 /* TS VisionTests */,
				0751D61B2AE77CB2002449D2 /* TS VisionUITests */,
				0751D5FF2AE77CB1002449D2 /* Products */,
			);
			sourceTree = "<group>";
		};
		0751D5FF2AE77CB1002449D2 /* Products */ = {
			isa = PBXGroup;
			children = (
				0751D5FE2AE77CB1002449D2 /* TS Vision.app */,
				0751D60E2AE77CB2002449D2 /* TS VisionTests.xctest */,
				0751D6182AE77CB2002449D2 /* TS VisionUITests.xctest */,
			);
			name = Products;
			sourceTree = "<group>";
		};
		0751D6002AE77CB1002449D2 /* TS Vision */ = {
			isa = PBXGroup;
			children = (
				0751D6012AE77CB1002449D2 /* TS_VisionApp.swift */,
				0751D6032AE77CB1002449D2 /* ContentView.swift */,
				0751D62B2AE78443002449D2 /* PageTwo.swift */,
				07A368112AF0E418005B0B8D /* Components */,
				0751D6052AE77CB2002449D2 /* Assets.xcassets */,
				0751D6072AE77CB2002449D2 /* Preview Content */,
			);
			path = "TS Vision";
			sourceTree = "<group>";
		};
		0751D6072AE77CB2002449D2 /* Preview Content */ = {
			isa = PBXGroup;
			children = (
				0751D6082AE77CB2002449D2 /* Preview Assets.xcassets */,
			);
			path = "Preview Content";
			sourceTree = "<group>";
		};
		0751D6112AE77CB2002449D2 /* TS VisionTests */ = {
			isa = PBXGroup;
			children = (
				0751D6122AE77CB2002449D2 /* TS_VisionTests.swift */,
			);
			path = "TS VisionTests";
			sourceTree = "<group>";
		};
		0751D61B2AE77CB2002449D2 /* TS VisionUITests */ = {
			isa = PBXGroup;
			children = (
				0751D61C2AE77CB2002449D2 /* TS_VisionUITests.swift */,
				0751D61E2AE77CB2002449D2 /* TS_VisionUITestsLaunchTests.swift */,
			);
			path = "TS VisionUITests";
			sourceTree = "<group>";
		};
		07A368112AF0E418005B0B8D /* Components */ = {
			isa = PBXGroup;
			children = (
				075C797A2AEF96DC00D47AA6 /* WeatherComponent.swift */,
				07A368122AF0E46D005B0B8D /* MainWeather.swift */,
			);
			path = Components;
			sourceTree = "<group>";
		};
/* End PBXGroup section */

/* Begin PBXNativeTarget section */
		0751D5FD2AE77CB1002449D2 /* TS Vision */ = {
			isa = PBXNativeTarget;
			buildConfigurationList = 0751D6222AE77CB2002449D2 /* Build configuration list for PBXNativeTarget "TS Vision" */;
			buildPhases = (
				0751D5FA2AE77CB1002449D2 /* Sources */,
				0751D5FB2AE77CB1002449D2 /* Frameworks */,
				0751D5FC2AE77CB1002449D2 /* Resources */,
			);
			buildRules = (
			);
			dependencies = (
			);
			name = "TS Vision";
			productName = "TS Vision";
			productReference = 0751D5FE2AE77CB1002449D2 /* TS Vision.app */;
			productType = "com.apple.product-type.application";
		};
		0751D60D2AE77CB2002449D2 /* TS VisionTests */ = {
			isa = PBXNativeTarget;
			buildConfigurationList = 0751D6252AE77CB2002449D2 /* Build configuration list for PBXNativeTarget "TS VisionTests" */;
			buildPhases = (
				0751D60A2AE77CB2002449D2 /* Sources */,
				0751D60B2AE77CB2002449D2 /* Frameworks */,
				0751D60C2AE77CB2002449D2 /* Resources */,
			);
			buildRules = (
			);
			dependencies = (
				0751D6102AE77CB2002449D2 /* PBXTargetDependency */,
			);
			name = "TS VisionTests";
			productName = "TS VisionTests";
			productReference = 0751D60E2AE77CB2002449D2 /* TS VisionTests.xctest */;
			productType = "com.apple.product-type.bundle.unit-test";
		};
		0751D6172AE77CB2002449D2 /* TS VisionUITests */ = {
			isa = PBXNativeTarget;
			buildConfigurationList = 0751D6282AE77CB2002449D2 /* Build configuration list for PBXNativeTarget "TS VisionUITests" */;
			buildPhases = (
				0751D6142AE77CB2002449D2 /* Sources */,
				0751D6152AE77CB2002449D2 /* Frameworks */,
				0751D6162AE77CB2002449D2 /* Resources */,
			);
			buildRules = (
			);
			dependencies = (
				0751D61A2AE77CB2002449D2 /* PBXTargetDependency */,
			);
			name = "TS VisionUITests";
			productName = "TS VisionUITests";
			productReference = 0751D6182AE77CB2002449D2 /* TS VisionUITests.xctest */;
			productType = "com.apple.product-type.bundle.ui-testing";
		};
/* End PBXNativeTarget section */

/* Begin PBXProject section */
		0751D5F62AE77CB1002449D2 /* Project object */ = {
			isa = PBXProject;
			attributes = {
				BuildIndependentTargetsInParallel = 1;
				LastSwiftUpdateCheck = 1500;
				LastUpgradeCheck = 1500;
				TargetAttributes = {
					0751D5FD2AE77CB1002449D2 = {
						CreatedOnToolsVersion = 15.0;
					};
					0751D60D2AE77CB2002449D2 = {
						CreatedOnToolsVersion = 15.0;
						TestTargetID = 0751D5FD2AE77CB1002449D2;
					};
					0751D6172AE77CB2002449D2 = {
						CreatedOnToolsVersion = 15.0;
						TestTargetID = 0751D5FD2AE77CB1002449D2;
					};
				};
			};
			buildConfigurationList = 0751D5F92AE77CB1002449D2 /* Build configuration list for PBXProject "TS Vision" */;
			compatibilityVersion = "Xcode 14.0";
			developmentRegion = en;
			hasScannedForEncodings = 0;
			knownRegions = (
				en,
				Base,
			);
			mainGroup = 0751D5F52AE77CB1002449D2;
			productRefGroup = 0751D5FF2AE77CB1002449D2 /* Products */;
			projectDirPath = "";
			projectRoot = "";
			targets = (
				0751D5FD2AE77CB1002449D2 /* TS Vision */,
				0751D60D2AE77CB2002449D2 /* TS VisionTests */,
				0751D6172AE77CB2002449D2 /* TS VisionUITests */,
			);
		};
/* End PBXProject section */

/* Begin PBXResourcesBuildPhase section */
		0751D5FC2AE77CB1002449D2 /* Resources */ = {
			isa = PBXResourcesBuildPhase;
			buildActionMask = 2147483647;
			files = (
				0751D6092AE77CB2002449D2 /* Preview Assets.xcassets in Resources */,
				0751D6062AE77CB2002449D2 /* Assets.xcassets in Resources */,
			);
			runOnlyForDeploymentPostprocessing = 0;
		};
		0751D60C2AE77CB2002449D2 /* Resources */ = {
			isa = PBXResourcesBuildPhase;
			buildActionMask = 2147483647;
			files = (
			);
			runOnlyForDeploymentPostprocessing = 0;
		};
		0751D6162AE77CB2002449D2 /* Resources */ = {
			isa = PBXResourcesBuildPhase;
			buildActionMask = 2147483647;
			files = (
			);
			runOnlyForDeploymentPostprocessing = 0;
		};
/* End PBXResourcesBuildPhase section */

/* Begin PBXSourcesBuildPhase section */
		0751D5FA2AE77CB1002449D2 /* Sources */ = {
			isa = PBXSourcesBuildPhase;
			buildActionMask = 2147483647;
			files = (
				07A368132AF0E46D005B0B8D /* MainWeather.swift in Sources */,
				075C797B2AEF96DC00D47AA6 /* WeatherComponent.swift in Sources */,
				0751D6042AE77CB1002449D2 /* ContentView.swift in Sources */,
				0751D62C2AE78443002449D2 /* PageTwo.swift in Sources */,
				0751D6022AE77CB1002449D2 /* TS_VisionApp.swift in Sources */,
			);
			runOnlyForDeploymentPostprocessing = 0;
		};
		0751D60A2AE77CB2002449D2 /* Sources */ = {
			isa = PBXSourcesBuildPhase;
			buildActionMask = 2147483647;
			files = (
				0751D6132AE77CB2002449D2 /* TS_VisionTests.swift in Sources */,
			);
			runOnlyForDeploymentPostprocessing = 0;
		};
		0751D6142AE77CB2002449D2 /* Sources */ = {
			isa = PBXSourcesBuildPhase;
			buildActionMask = 2147483647;
			files = (
				0751D61D2AE77CB2002449D2 /* TS_VisionUITests.swift in Sources */,
				0751D61F2AE77CB2002449D2 /* TS_VisionUITestsLaunchTests.swift in Sources */,
			);
			runOnlyForDeploymentPostprocessing = 0;
		};
/* End PBXSourcesBuildPhase section */

/* Begin PBXTargetDependency section */
		0751D6102AE77CB2002449D2 /* PBXTargetDependency */ = {
			isa = PBXTargetDependency;
			target = 0751D5FD2AE77CB1002449D2 /* TS Vision */;
			targetProxy = 0751D60F2AE77CB2002449D2 /* PBXContainerItemProxy */;
		};
		0751D61A2AE77CB2002449D2 /* PBXTargetDependency */ = {
			isa = PBXTargetDependency;
			target = 0751D5FD2AE77CB1002449D2 /* TS Vision */;
			targetProxy = 0751D6192AE77CB2002449D2 /* PBXContainerItemProxy */;
		};
/* End PBXTargetDependency section */

/* Begin XCBuildConfiguration section */
		0751D6202AE77CB2002449D2 /* Debug */ = {
			isa = XCBuildConfiguration;
			buildSettings = {
				ALWAYS_SEARCH_USER_PATHS = NO;
				ASSETCATALOG_COMPILER_GENERATE_SWIFT_ASSET_SYMBOL_EXTENSIONS = YES;
				CLANG_ANALYZER_NONNULL = YES;
				CLANG_ANALYZER_NUMBER_OBJECT_CONVERSION = YES_AGGRESSIVE;
				CLANG_CXX_LANGUAGE_STANDARD = "gnu++20";
				CLANG_ENABLE_MODULES = YES;
				CLANG_ENABLE_OBJC_ARC = YES;
				CLANG_ENABLE_OBJC_WEAK = YES;
				CLANG_WARN_BLOCK_CAPTURE_AUTORELEASING = YES;
				CLANG_WARN_BOOL_CONVERSION = YES;
				CLANG_WARN_COMMA = YES;
				CLANG_WARN_CONSTANT_CONVERSION = YES;
				CLANG_WARN_DEPRECATED_OBJC_IMPLEMENTATIONS = YES;
				CLANG_WARN_DIRECT_OBJC_ISA_USAGE = YES_ERROR;
				CLANG_WARN_DOCUMENTATION_COMMENTS = YES;
				CLANG_WARN_EMPTY_BODY = YES;
				CLANG_WARN_ENUM_CONVERSION = YES;
				CLANG_WARN_INFINITE_RECURSION = YES;
				CLANG_WARN_INT_CONVERSION = YES;
				CLANG_WARN_NON_LITERAL_NULL_CONVERSION = YES;
				CLANG_WARN_OBJC_IMPLICIT_RETAIN_SELF = YES;
				CLANG_WARN_OBJC_LITERAL_CONVERSION = YES;
				CLANG_WARN_OBJC_ROOT_CLASS = YES_ERROR;
				CLANG_WARN_QUOTED_INCLUDE_IN_FRAMEWORK_HEADER = YES;
				CLANG_WARN_RANGE_LOOP_ANALYSIS = YES;
				CLANG_WARN_STRICT_PROTOTYPES = YES;
				CLANG_WARN_SUSPICIOUS_MOVE = YES;
				CLANG_WARN_UNGUARDED_AVAILABILITY = YES_AGGRESSIVE;
				CLANG_WARN_UNREACHABLE_CODE = YES;
				CLANG_WARN__DUPLICATE_METHOD_MATCH = YES;
				COPY_PHASE_STRIP = NO;
				DEBUG_INFORMATION_FORMAT = dwarf;
				ENABLE_STRICT_OBJC_MSGSEND = YES;
				ENABLE_TESTABILITY = YES;
				ENABLE_USER_SCRIPT_SANDBOXING = YES;
				GCC_C_LANGUAGE_STANDARD = gnu17;
				GCC_DYNAMIC_NO_PIC = NO;
				GCC_NO_COMMON_BLOCKS = YES;
				GCC_OPTIMIZATION_LEVEL = 0;
				GCC_PREPROCESSOR_DEFINITIONS = (
					"DEBUG=1",
					"$(inherited)",
				);
				GCC_WARN_64_TO_32_BIT_CONVERSION = YES;
				GCC_WARN_ABOUT_RETURN_TYPE = YES_ERROR;
				GCC_WARN_UNDECLARED_SELECTOR = YES;
				GCC_WARN_UNINITIALIZED_AUTOS = YES_AGGRESSIVE;
				GCC_WARN_UNUSED_FUNCTION = YES;
				GCC_WARN_UNUSED_VARIABLE = YES;
				IPHONEOS_DEPLOYMENT_TARGET = 17.0;
				LOCALIZATION_PREFERS_STRING_CATALOGS = YES;
				MTL_ENABLE_DEBUG_INFO = INCLUDE_SOURCE;
				MTL_FAST_MATH = YES;
				ONLY_ACTIVE_ARCH = YES;
				SDKROOT = iphoneos;
				SWIFT_ACTIVE_COMPILATION_CONDITIONS = "DEBUG $(inherited)";
				SWIFT_OPTIMIZATION_LEVEL = "-Onone";
			};
			name = Debug;
		};
		0751D6212AE77CB2002449D2 /* Release */ = {
			isa = XCBuildConfiguration;
			buildSettings = {
				ALWAYS_SEARCH_USER_PATHS = NO;
				ASSETCATALOG_COMPILER_GENERATE_SWIFT_ASSET_SYMBOL_EXTENSIONS = YES;
				CLANG_ANALYZER_NONNULL = YES;
				CLANG_ANALYZER_NUMBER_OBJECT_CONVERSION = YES_AGGRESSIVE;
				CLANG_CXX_LANGUAGE_STANDARD = "gnu++20";
				CLANG_ENABLE_MODULES = YES;
				CLANG_ENABLE_OBJC_ARC = YES;
				CLANG_ENABLE_OBJC_WEAK = YES;
				CLANG_WARN_BLOCK_CAPTURE_AUTORELEASING = YES;
				CLANG_WARN_BOOL_CONVERSION = YES;
				CLANG_WARN_COMMA = YES;
				CLANG_WARN_CONSTANT_CONVERSION = YES;
				CLANG_WARN_DEPRECATED_OBJC_IMPLEMENTATIONS = YES;
				CLANG_WARN_DIRECT_OBJC_ISA_USAGE = YES_ERROR;
				CLANG_WARN_DOCUMENTATION_COMMENTS = YES;
				CLANG_WARN_EMPTY_BODY = YES;
				CLANG_WARN_ENUM_CONVERSION = YES;
				CLANG_WARN_INFINITE_RECURSION = YES;
				CLANG_WARN_INT_CONVERSION = YES;
				CLANG_WARN_NON_LITERAL_NULL_CONVERSION = YES;
				CLANG_WARN_OBJC_IMPLICIT_RETAIN_SELF = YES;
				CLANG_WARN_OBJC_LITERAL_CONVERSION = YES;
				CLANG_WARN_OBJC_ROOT_CLASS = YES_ERROR;
				CLANG_WARN_QUOTED_INCLUDE_IN_FRAMEWORK_HEADER = YES;
				CLANG_WARN_RANGE_LOOP_ANALYSIS = YES;
				CLANG_WARN_STRICT_PROTOTYPES = YES;
				CLANG_WARN_SUSPICIOUS_MOVE = YES;
				CLANG_WARN_UNGUARDED_AVAILABILITY = YES_AGGRESSIVE;
				CLANG_WARN_UNREACHABLE_CODE = YES;
				CLANG_WARN__DUPLICATE_METHOD_MATCH = YES;
				COPY_PHASE_STRIP = NO;
				DEBUG_INFORMATION_FORMAT = "dwarf-with-dsym";
				ENABLE_NS_ASSERTIONS = NO;
				ENABLE_STRICT_OBJC_MSGSEND = YES;
				ENABLE_USER_SCRIPT_SANDBOXING = YES;
				GCC_C_LANGUAGE_STANDARD = gnu17;
				GCC_NO_COMMON_BLOCKS = YES;
				GCC_WARN_64_TO_32_BIT_CONVERSION = YES;
				GCC_WARN_ABOUT_RETURN_TYPE = YES_ERROR;
				GCC_WARN_UNDECLARED_SELECTOR = YES;
				GCC_WARN_UNINITIALIZED_AUTOS = YES_AGGRESSIVE;
				GCC_WARN_UNUSED_FUNCTION = YES;
				GCC_WARN_UNUSED_VARIABLE = YES;
				IPHONEOS_DEPLOYMENT_TARGET = 17.0;
				LOCALIZATION_PREFERS_STRING_CATALOGS = YES;
				MTL_ENABLE_DEBUG_INFO = NO;
				MTL_FAST_MATH = YES;
				SDKROOT = iphoneos;
				SWIFT_COMPILATION_MODE = wholemodule;
				VALIDATE_PRODUCT = YES;
			};
			name = Release;
		};
		0751D6232AE77CB2002449D2 /* Debug */ = {
			isa = XCBuildConfiguration;
			buildSettings = {
				ASSETCATALOG_COMPILER_APPICON_NAME = AppIcon;
				ASSETCATALOG_COMPILER_GLOBAL_ACCENT_COLOR_NAME = AccentColor;
				CODE_SIGN_STYLE = Automatic;
				CURRENT_PROJECT_VERSION = 1;
				DEVELOPMENT_ASSET_PATHS = "\"TS Vision/Preview Content\"";
				ENABLE_PREVIEWS = YES;
				GENERATE_INFOPLIST_FILE = YES;
				INFOPLIST_KEY_UIApplicationSceneManifest_Generation = YES;
				INFOPLIST_KEY_UIApplicationSupportsIndirectInputEvents = YES;
				INFOPLIST_KEY_UILaunchScreen_Generation = YES;
				INFOPLIST_KEY_UISupportedInterfaceOrientations_iPad = "UIInterfaceOrientationPortrait UIInterfaceOrientationPortraitUpsideDown UIInterfaceOrientationLandscapeLeft UIInterfaceOrientationLandscapeRight";
				INFOPLIST_KEY_UISupportedInterfaceOrientations_iPhone = "UIInterfaceOrientationPortrait UIInterfaceOrientationLandscapeLeft UIInterfaceOrientationLandscapeRight";
				LD_RUNPATH_SEARCH_PATHS = (
					"$(inherited)",
					"@executable_path/Frameworks",
				);
				MARKETING_VERSION = 1.0;
				PRODUCT_BUNDLE_IDENTIFIER = "Group-3.TS-Vision";
				PRODUCT_NAME = "$(TARGET_NAME)";
				SWIFT_EMIT_LOC_STRINGS = YES;
				SWIFT_VERSION = 5.0;
				TARGETED_DEVICE_FAMILY = "1,2";
			};
			name = Debug;
		};
		0751D6242AE77CB2002449D2 /* Release */ = {
			isa = XCBuildConfiguration;
			buildSettings = {
				ASSETCATALOG_COMPILER_APPICON_NAME = AppIcon;
				ASSETCATALOG_COMPILER_GLOBAL_ACCENT_COLOR_NAME = AccentColor;
				CODE_SIGN_STYLE = Automatic;
				CURRENT_PROJECT_VERSION = 1;
				DEVELOPMENT_ASSET_PATHS = "\"TS Vision/Preview Content\"";
				ENABLE_PREVIEWS = YES;
				GENERATE_INFOPLIST_FILE = YES;
				INFOPLIST_KEY_UIApplicationSceneManifest_Generation = YES;
				INFOPLIST_KEY_UIApplicationSupportsIndirectInputEvents = YES;
				INFOPLIST_KEY_UILaunchScreen_Generation = YES;
				INFOPLIST_KEY_UISupportedInterfaceOrientations_iPad = "UIInterfaceOrientationPortrait UIInterfaceOrientationPortraitUpsideDown UIInterfaceOrientationLandscapeLeft UIInterfaceOrientationLandscapeRight";
				INFOPLIST_KEY_UISupportedInterfaceOrientations_iPhone = "UIInterfaceOrientationPortrait UIInterfaceOrientationLandscapeLeft UIInterfaceOrientationLandscapeRight";
				LD_RUNPATH_SEARCH_PATHS = (
					"$(inherited)",
					"@executable_path/Frameworks",
				);
				MARKETING_VERSION = 1.0;
				PRODUCT_BUNDLE_IDENTIFIER = "Group-3.TS-Vision";
				PRODUCT_NAME = "$(TARGET_NAME)";
				SWIFT_EMIT_LOC_STRINGS = YES;
				SWIFT_VERSION = 5.0;
				TARGETED_DEVICE_FAMILY = "1,2";
			};
			name = Release;
		};
		0751D6262AE77CB2002449D2 /* Debug */ = {
			isa = XCBuildConfiguration;
			buildSettings = {
				ALWAYS_EMBED_SWIFT_STANDARD_LIBRARIES = YES;
				BUNDLE_LOADER = "$(TEST_HOST)";
				CODE_SIGN_STYLE = Automatic;
				CURRENT_PROJECT_VERSION = 1;
				GENERATE_INFOPLIST_FILE = YES;
				IPHONEOS_DEPLOYMENT_TARGET = 17.0;
				MARKETING_VERSION = 1.0;
				PRODUCT_BUNDLE_IDENTIFIER = "Group-3.TS-VisionTests";
				PRODUCT_NAME = "$(TARGET_NAME)";
				SWIFT_EMIT_LOC_STRINGS = NO;
				SWIFT_VERSION = 5.0;
				TARGETED_DEVICE_FAMILY = "1,2";
				TEST_HOST = "$(BUILT_PRODUCTS_DIR)/TS Vision.app/$(BUNDLE_EXECUTABLE_FOLDER_PATH)/TS Vision";
			};
			name = Debug;
		};
		0751D6272AE77CB2002449D2 /* Release */ = {
			isa = XCBuildConfiguration;
			buildSettings = {
				ALWAYS_EMBED_SWIFT_STANDARD_LIBRARIES = YES;
				BUNDLE_LOADER = "$(TEST_HOST)";
				CODE_SIGN_STYLE = Automatic;
				CURRENT_PROJECT_VERSION = 1;
				GENERATE_INFOPLIST_FILE = YES;
				IPHONEOS_DEPLOYMENT_TARGET = 17.0;
				MARKETING_VERSION = 1.0;
				PRODUCT_BUNDLE_IDENTIFIER = "Group-3.TS-VisionTests";
				PRODUCT_NAME = "$(TARGET_NAME)";
				SWIFT_EMIT_LOC_STRINGS = NO;
				SWIFT_VERSION = 5.0;
				TARGETED_DEVICE_FAMILY = "1,2";
				TEST_HOST = "$(BUILT_PRODUCTS_DIR)/TS Vision.app/$(BUNDLE_EXECUTABLE_FOLDER_PATH)/TS Vision";
			};
			name = Release;
		};
		0751D6292AE77CB2002449D2 /* Debug */ = {
			isa = XCBuildConfiguration;
			buildSettings = {
				ALWAYS_EMBED_SWIFT_STANDARD_LIBRARIES = YES;
				CODE_SIGN_STYLE = Automatic;
				CURRENT_PROJECT_VERSION = 1;
				GENERATE_INFOPLIST_FILE = YES;
				MARKETING_VERSION = 1.0;
				PRODUCT_BUNDLE_IDENTIFIER = "Group-3.TS-VisionUITests";
				PRODUCT_NAME = "$(TARGET_NAME)";
				SWIFT_EMIT_LOC_STRINGS = NO;
				SWIFT_VERSION = 5.0;
				TARGETED_DEVICE_FAMILY = "1,2";
				TEST_TARGET_NAME = "TS Vision";
			};
			name = Debug;
		};
		0751D62A2AE77CB2002449D2 /* Release */ = {
			isa = XCBuildConfiguration;
			buildSettings = {
				ALWAYS_EMBED_SWIFT_STANDARD_LIBRARIES = YES;
				CODE_SIGN_STYLE = Automatic;
				CURRENT_PROJECT_VERSION = 1;
				GENERATE_INFOPLIST_FILE = YES;
				MARKETING_VERSION = 1.0;
				PRODUCT_BUNDLE_IDENTIFIER = "Group-3.TS-VisionUITests";
				PRODUCT_NAME = "$(TARGET_NAME)";
				SWIFT_EMIT_LOC_STRINGS = NO;
				SWIFT_VERSION = 5.0;
				TARGETED_DEVICE_FAMILY = "1,2";
				TEST_TARGET_NAME = "TS Vision";
			};
			name = Release;
		};
/* End XCBuildConfiguration section */

/* Begin XCConfigurationList section */
		0751D5F92AE77CB1002449D2 /* Build configuration list for PBXProject "TS Vision" */ = {
			isa = XCConfigurationList;
			buildConfigurations = (
				0751D6202AE77CB2002449D2 /* Debug */,
				0751D6212AE77CB2002449D2 /* Release */,
			);
			defaultConfigurationIsVisible = 0;
			defaultConfigurationName = Release;
		};
		0751D6222AE77CB2002449D2 /* Build configuration list for PBXNativeTarget "TS Vision" */ = {
			isa = XCConfigurationList;
			buildConfigurations = (
				0751D6232AE77CB2002449D2 /* Debug */,
				0751D6242AE77CB2002449D2 /* Release */,
			);
			defaultConfigurationIsVisible = 0;
			defaultConfigurationName = Release;
		};
		0751D6252AE77CB2002449D2 /* Build configuration list for PBXNativeTarget "TS VisionTests" */ = {
			isa = XCConfigurationList;
			buildConfigurations = (
				0751D6262AE77CB2002449D2 /* Debug */,
				0751D6272AE77CB2002449D2 /* Release */,
			);
			defaultConfigurationIsVisible = 0;
			defaultConfigurationName = Release;
		};
		0751D6282AE77CB2002449D2 /* Build configuration list for PBXNativeTarget "TS VisionUITests" */ = {
			isa = XCConfigurationList;
			buildConfigurations = (
				0751D6292AE77CB2002449D2 /* Debug */,
				0751D62A2AE77CB2002449D2 /* Release */,
			);
			defaultConfigurationIsVisible = 0;
			defaultConfigurationName = Release;
		};
/* End XCConfigurationList section */
	};
	rootObject = 0751D5F62AE77CB1002449D2 /* Project object */;
}
